
Microsoft Visual Studio Solution File, Format Version 12.00
# Visual Studio Version 17
VisualStudioVersion = 17.10.34607.79
MinimumVisualStudioVersion = 10.0.40219.1
Project("{2150E333-8FDC-42A3-9474-1A3956D46DE8}") = "src", "src", "{BA0EFEB1-C299-45B4-AF73-3206CD1B24D9}"
EndProject
Project("{2150E333-8FDC-42A3-9474-1A3956D46DE8}") = "tests", "tests", "{28B08613-71CF-4162-A1FE-9C127621E487}"
EndProject
Project("{2150E333-8FDC-42A3-9474-1A3956D46DE8}") = "API", "API", "{B6C1731A-A97B-4262-B3EA-5EFB4CB16C31}"
EndProject
Project("{2150E333-8FDC-42A3-9474-1A3956D46DE8}") = "Core", "Core", "{B8701400-30AE-4466-B8FB-D2FF4C449987}"
EndProject
Project("{2150E333-8FDC-42A3-9474-1A3956D46DE8}") = "Infrastructure", "Infrastructure", "{A0810E70-3341-497B-8840-BFB3EC9C0E24}"
EndProject
Project("{2150E333-8FDC-42A3-9474-1A3956D46DE8}") = "UI", "UI", "{167374D9-12D5-45B2-9A34-8AA2B752236A}"
EndProject
Project("{9A19103F-16F7-4668-BE54-9A1E7A4F7556}") = "HR.LeaveManagement.Domain", "HR.LeaveManagement.Domain\HR.LeaveManagement.Domain.csproj", "{45939493-506C-4C39-8E63-7EC3061D7960}"
EndProject
Project("{9A19103F-16F7-4668-BE54-9A1E7A4F7556}") = "HR.LeaveManagement.Application", "HR.LeaveManagement.Application\HR.LeaveManagement.Application.csproj", "{C2D32BDE-8DFB-405F-ABC8-85E17AA0AC5D}"
EndProject
Project("{9A19103F-16F7-4668-BE54-9A1E7A4F7556}") = "HR.LeaveManagement.MVC", "HR.LeaveManagement.MVC\HR.LeaveManagement.MVC.csproj", "{B41B2BD5-C4C7-4269-B491-6F54CF662507}"
EndProject
Project("{9A19103F-16F7-4668-BE54-9A1E7A4F7556}") = "HR.LeaveManagement.Infrastructure", "HR.LeaveManagement.Infrastructure\HR.LeaveManagement.Infrastructure.csproj", "{E1B535D4-6107-42E1-BFD2-3B55B0847B65}"
EndProject
Project("{9A19103F-16F7-4668-BE54-9A1E7A4F7556}") = "HR.LeaveManagement.Persistence", "HR.LeaveManagement.Persistence\HR.LeaveManagement.Persistence.csproj", "{1837BF33-7F6D-4066-9E25-925FD2168BD4}"
EndProject
Project("{9A19103F-16F7-4668-BE54-9A1E7A4F7556}") = "HR.LeaveManagement.API", "HR.LeaveManagement.API\HR.LeaveManagement.API.csproj", "{B69F4170-FF56-424B-9193-32B104584EE3}"
EndProject
Project("{9A19103F-16F7-4668-BE54-9A1E7A4F7556}") = "HR.LeaveManagement.Identity", "HR.LeaveManagement.Identity\HR.LeaveManagement.Identity.csproj", "{EC7A0CE6-7E31-44A4-9355-AF249ACE899E}"
EndProject
Project("{9A19103F-16F7-4668-BE54-9A1E7A4F7556}") = "HR.LeaveManagement.Application.Tests", "HR.LeaveManagement.Application.Tests\HR.LeaveManagement.Application.Tests.csproj", "{D6FD73A3-37CD-4773-8615-1A45FE76D5DB}"
EndProject
Global
	GlobalSection(SolutionConfigurationPlatforms) = preSolution
		Debug|Any CPU = Debug|Any CPU
		Release|Any CPU = Release|Any CPU
	EndGlobalSection
	GlobalSection(ProjectConfigurationPlatforms) = postSolution
		{45939493-506C-4C39-8E63-7EC3061D7960}.Debug|Any CPU.ActiveCfg = Debug|Any CPU
		{45939493-506C-4C39-8E63-7EC3061D7960}.Debug|Any CPU.Build.0 = Debug|Any CPU
		{45939493-506C-4C39-8E63-7EC3061D7960}.Release|Any CPU.ActiveCfg = Release|Any CPU
		{45939493-506C-4C39-8E63-7EC3061D7960}.Release|Any CPU.Build.0 = Release|Any CPU
		{C2D32BDE-8DFB-405F-ABC8-85E17AA0AC5D}.Debug|Any CPU.ActiveCfg = Debug|Any CPU
		{C2D32BDE-8DFB-405F-ABC8-85E17AA0AC5D}.Debug|Any CPU.Build.0 = Debug|Any CPU
		{C2D32BDE-8DFB-405F-ABC8-85E17AA0AC5D}.Release|Any CPU.ActiveCfg = Release|Any CPU
		{C2D32BDE-8DFB-405F-ABC8-85E17AA0AC5D}.Release|Any CPU.Build.0 = Release|Any CPU
		{B41B2BD5-C4C7-4269-B491-6F54CF662507}.Debug|Any CPU.ActiveCfg = Debug|Any CPU
		{B41B2BD5-C4C7-4269-B491-6F54CF662507}.Debug|Any CPU.Build.0 = Debug|Any CPU
		{B41B2BD5-C4C7-4269-B491-6F54CF662507}.Release|Any CPU.ActiveCfg = Release|Any CPU
		{B41B2BD5-C4C7-4269-B491-6F54CF662507}.Release|Any CPU.Build.0 = Release|Any CPU
		{E1B535D4-6107-42E1-BFD2-3B55B0847B65}.Debug|Any CPU.ActiveCfg = Debug|Any CPU
		{E1B535D4-6107-42E1-BFD2-3B55B0847B65}.Debug|Any CPU.Build.0 = Debug|Any CPU
		{E1B535D4-6107-42E1-BFD2-3B55B0847B65}.Release|Any CPU.ActiveCfg = Release|Any CPU
		{E1B535D4-6107-42E1-BFD2-3B55B0847B65}.Release|Any CPU.Build.0 = Release|Any CPU
		{1837BF33-7F6D-4066-9E25-925FD2168BD4}.Debug|Any CPU.ActiveCfg = Debug|Any CPU
		{1837BF33-7F6D-4066-9E25-925FD2168BD4}.Debug|Any CPU.Build.0 = Debug|Any CPU
		{1837BF33-7F6D-4066-9E25-925FD2168BD4}.Release|Any CPU.ActiveCfg = Release|Any CPU
		{1837BF33-7F6D-4066-9E25-925FD2168BD4}.Release|Any CPU.Build.0 = Release|Any CPU
		{B69F4170-FF56-424B-9193-32B104584EE3}.Debug|Any CPU.ActiveCfg = Debug|Any CPU
		{B69F4170-FF56-424B-9193-32B104584EE3}.Debug|Any CPU.Build.0 = Debug|Any CPU
		{B69F4170-FF56-424B-9193-32B104584EE3}.Release|Any CPU.ActiveCfg = Release|Any CPU
		{B69F4170-FF56-424B-9193-32B104584EE3}.Release|Any CPU.Build.0 = Release|Any CPU
		{EC7A0CE6-7E31-44A4-9355-AF249ACE899E}.Debug|Any CPU.ActiveCfg = Debug|Any CPU
		{EC7A0CE6-7E31-44A4-9355-AF249ACE899E}.Debug|Any CPU.Build.0 = Debug|Any CPU
		{EC7A0CE6-7E31-44A4-9355-AF249ACE899E}.Release|Any CPU.ActiveCfg = Release|Any CPU
		{EC7A0CE6-7E31-44A4-9355-AF249ACE899E}.Release|Any CPU.Build.0 = Release|Any CPU
		{D6FD73A3-37CD-4773-8615-1A45FE76D5DB}.Debug|Any CPU.ActiveCfg = Debug|Any CPU
		{D6FD73A3-37CD-4773-8615-1A45FE76D5DB}.Debug|Any CPU.Build.0 = Debug|Any CPU
		{D6FD73A3-37CD-4773-8615-1A45FE76D5DB}.Release|Any CPU.ActiveCfg = Release|Any CPU
		{D6FD73A3-37CD-4773-8615-1A45FE76D5DB}.Release|Any CPU.Build.0 = Release|Any CPU
	EndGlobalSection
	GlobalSection(SolutionProperties) = preSolution
		HideSolutionNode = FALSE
	EndGlobalSection
	GlobalSection(NestedProjects) = preSolution
		{B6C1731A-A97B-4262-B3EA-5EFB4CB16C31} = {BA0EFEB1-C299-45B4-AF73-3206CD1B24D9}
		{B8701400-30AE-4466-B8FB-D2FF4C449987} = {BA0EFEB1-C299-45B4-AF73-3206CD1B24D9}
		{A0810E70-3341-497B-8840-BFB3EC9C0E24} = {BA0EFEB1-C299-45B4-AF73-3206CD1B24D9}
		{167374D9-12D5-45B2-9A34-8AA2B752236A} = {BA0EFEB1-C299-45B4-AF73-3206CD1B24D9}
		{45939493-506C-4C39-8E63-7EC3061D7960} = {B8701400-30AE-4466-B8FB-D2FF4C449987}
		{C2D32BDE-8DFB-405F-ABC8-85E17AA0AC5D} = {B8701400-30AE-4466-B8FB-D2FF4C449987}
		{B41B2BD5-C4C7-4269-B491-6F54CF662507} = {167374D9-12D5-45B2-9A34-8AA2B752236A}
		{E1B535D4-6107-42E1-BFD2-3B55B0847B65} = {A0810E70-3341-497B-8840-BFB3EC9C0E24}
		{1837BF33-7F6D-4066-9E25-925FD2168BD4} = {A0810E70-3341-497B-8840-BFB3EC9C0E24}
		{B69F4170-FF56-424B-9193-32B104584EE3} = {B6C1731A-A97B-4262-B3EA-5EFB4CB16C31}
		{EC7A0CE6-7E31-44A4-9355-AF249ACE899E} = {A0810E70-3341-497B-8840-BFB3EC9C0E24}
		{D6FD73A3-37CD-4773-8615-1A45FE76D5DB} = {28B08613-71CF-4162-A1FE-9C127621E487}
	EndGlobalSection
	GlobalSection(ExtensibilityGlobals) = postSolution
		SolutionGuid = {D993FC13-2435-46C3-BCE4-3DA2B674871D}
	EndGlobalSection
EndGlobal
